
Microsoft Visual Studio Solution File, Format Version 12.00
# Visual Studio Version 16
VisualStudioVersion = 16.0.29230.47
MinimumVisualStudioVersion = 10.0.40219.1
Project("{9A19103F-16F7-4668-BE54-9A1E7A4F7556}") = "ToDoListWebApi", "ToDoListWebApi\ToDoListWebApi.csproj", "{5C4B06AD-D9CD-4662-8AEA-2BD2D3569CC3}"
EndProject
Project("{FAE04EC0-301F-11D3-BF4B-00C04F79EFBC}") = "RepositoryLayer", "RepositoryLayer\RepositoryLayer.csproj", "{54025944-4188-47DE-B361-8C167BAA49B9}"
EndProject
Project("{FAE04EC0-301F-11D3-BF4B-00C04F79EFBC}") = "DtoModels", "DtoModels\DtoModels.csproj", "{E6F92B12-FBC3-476B-A0EB-47334CC3E036}"
EndProject
Global
	GlobalSection(SolutionConfigurationPlatforms) = preSolution
		Debug|Any CPU = Debug|Any CPU
		Release|Any CPU = Release|Any CPU
	EndGlobalSection
	GlobalSection(ProjectConfigurationPlatforms) = postSolution
		{5C4B06AD-D9CD-4662-8AEA-2BD2D3569CC3}.Debug|Any CPU.ActiveCfg = Debug|Any CPU
		{5C4B06AD-D9CD-4662-8AEA-2BD2D3569CC3}.Debug|Any CPU.Build.0 = Debug|Any CPU
		{5C4B06AD-D9CD-4662-8AEA-2BD2D3569CC3}.Release|Any CPU.ActiveCfg = Release|Any CPU
		{5C4B06AD-D9CD-4662-8AEA-2BD2D3569CC3}.Release|Any CPU.Build.0 = Release|Any CPU
		{54025944-4188-47DE-B361-8C167BAA49B9}.Debug|Any CPU.ActiveCfg = Debug|Any CPU
		{54025944-4188-47DE-B361-8C167BAA49B9}.Debug|Any CPU.Build.0 = Debug|Any CPU
		{54025944-4188-47DE-B361-8C167BAA49B9}.Release|Any CPU.ActiveCfg = Release|Any CPU
		{54025944-4188-47DE-B361-8C167BAA49B9}.Release|Any CPU.Build.0 = Release|Any CPU
		{E6F92B12-FBC3-476B-A0EB-47334CC3E036}.Debug|Any CPU.ActiveCfg = Debug|Any CPU
		{E6F92B12-FBC3-476B-A0EB-47334CC3E036}.Debug|Any CPU.Build.0 = Debug|Any CPU
		{E6F92B12-FBC3-476B-A0EB-47334CC3E036}.Release|Any CPU.ActiveCfg = Release|Any CPU
		{E6F92B12-FBC3-476B-A0EB-47334CC3E036}.Release|Any CPU.Build.0 = Release|Any CPU
	EndGlobalSection
	GlobalSection(SolutionProperties) = preSolution
		HideSolutionNode = FALSE
	EndGlobalSection
	GlobalSection(ExtensibilityGlobals) = postSolution
		SolutionGuid = {77EE720C-BA5B-47FD-A38D-112F45B0CB5B}
	EndGlobalSection
EndGlobal
